// !$*UTF8*$!
{
	archiveVersion = 1;
	classes = {
	};
	objectVersion = 55;
	objects = {

/* Begin PBXBuildFile section */
		D16C8B292930E777005FBC23 /* AppDelegate.swift in Sources */ = {isa = PBXBuildFile; fileRef = D16C8B282930E777005FBC23 /* AppDelegate.swift */; };
		D16C8B2B2930E777005FBC23 /* SceneDelegate.swift in Sources */ = {isa = PBXBuildFile; fileRef = D16C8B2A2930E777005FBC23 /* SceneDelegate.swift */; };
		D16C8B2D2930E777005FBC23 /* ViewController.swift in Sources */ = {isa = PBXBuildFile; fileRef = D16C8B2C2930E777005FBC23 /* ViewController.swift */; };
		D16C8B302930E777005FBC23 /* Main.storyboard in Resources */ = {isa = PBXBuildFile; fileRef = D16C8B2E2930E777005FBC23 /* Main.storyboard */; };
		D16C8B332930E777005FBC23 /* Weather_App.xcdatamodeld in Sources */ = {isa = PBXBuildFile; fileRef = D16C8B312930E777005FBC23 /* Weather_App.xcdatamodeld */; };
		D16C8B352930E77A005FBC23 /* Assets.xcassets in Resources */ = {isa = PBXBuildFile; fileRef = D16C8B342930E77A005FBC23 /* Assets.xcassets */; };
		D16C8B382930E77A005FBC23 /* LaunchScreen.storyboard in Resources */ = {isa = PBXBuildFile; fileRef = D16C8B362930E77A005FBC23 /* LaunchScreen.storyboard */; };
		D16C8B4D2930E77A005FBC23 /* Weather_AppUITests.swift in Sources */ = {isa = PBXBuildFile; fileRef = D16C8B4C2930E77A005FBC23 /* Weather_AppUITests.swift */; };
		D16C8B4F2930E77A005FBC23 /* Weather_AppUITestsLaunchTests.swift in Sources */ = {isa = PBXBuildFile; fileRef = D16C8B4E2930E77A005FBC23 /* Weather_AppUITestsLaunchTests.swift */; };
		D16C8B5C2930EC79005FBC23 /* WeatherScreen.storyboard in Resources */ = {isa = PBXBuildFile; fileRef = D16C8B5B2930EC79005FBC23 /* WeatherScreen.storyboard */; };
		D16C8B61293112E1005FBC23 /* WeatherScreenViewController.swift in Sources */ = {isa = PBXBuildFile; fileRef = D16C8B60293112E1005FBC23 /* WeatherScreenViewController.swift */; };
		D16C8B64293125CA005FBC23 /* ForecastTableViewCell.swift in Sources */ = {isa = PBXBuildFile; fileRef = D16C8B63293125CA005FBC23 /* ForecastTableViewCell.swift */; };
		D16C8B6729337EE2005FBC23 /* WebService.swift in Sources */ = {isa = PBXBuildFile; fileRef = D16C8B6629337EE2005FBC23 /* WebService.swift */; };
		D16C8B6C2933922E005FBC23 /* CurrentWeatherResponse.swift in Sources */ = {isa = PBXBuildFile; fileRef = D16C8B6B2933922E005FBC23 /* CurrentWeatherResponse.swift */; };
		D16C8B6F2934A973005FBC23 /* Constants.swift in Sources */ = {isa = PBXBuildFile; fileRef = D16C8B6E2934A973005FBC23 /* Constants.swift */; };
		D16C8B712934BADF005FBC23 /* ForecastWeatherResponse.swift in Sources */ = {isa = PBXBuildFile; fileRef = D16C8B702934BADF005FBC23 /* ForecastWeatherResponse.swift */; };
		D16C8B742934C67C005FBC23 /* WeatherScreenViewModel.swift in Sources */ = {isa = PBXBuildFile; fileRef = D16C8B732934C67C005FBC23 /* WeatherScreenViewModel.swift */; };
		D16C8B762934D07B005FBC23 /* Extensions.swift in Sources */ = {isa = PBXBuildFile; fileRef = D16C8B752934D07B005FBC23 /* Extensions.swift */; };
		D16C8B7829351547005FBC23 /* WeatherScreenViewModelTests.swift in Sources */ = {isa = PBXBuildFile; fileRef = D16C8B7729351547005FBC23 /* WeatherScreenViewModelTests.swift */; };
		D16C8B7B29351E8C005FBC23 /* WebServiceMock.swift in Sources */ = {isa = PBXBuildFile; fileRef = D16C8B7A29351E8C005FBC23 /* WebServiceMock.swift */; };
/* End PBXBuildFile section */

/* Begin PBXContainerItemProxy section */
		D16C8B3F2930E77A005FBC23 /* PBXContainerItemProxy */ = {
			isa = PBXContainerItemProxy;
			containerPortal = D16C8B1D2930E777005FBC23 /* Project object */;
			proxyType = 1;
			remoteGlobalIDString = D16C8B242930E777005FBC23;
			remoteInfo = "Weather App";
		};
		D16C8B492930E77A005FBC23 /* PBXContainerItemProxy */ = {
			isa = PBXContainerItemProxy;
			containerPortal = D16C8B1D2930E777005FBC23 /* Project object */;
			proxyType = 1;
			remoteGlobalIDString = D16C8B242930E777005FBC23;
			remoteInfo = "Weather App";
		};
/* End PBXContainerItemProxy section */

/* Begin PBXFileReference section */
		D16C8B252930E777005FBC23 /* Weather App.app */ = {isa = PBXFileReference; explicitFileType = wrapper.application; includeInIndex = 0; path = "Weather App.app"; sourceTree = BUILT_PRODUCTS_DIR; };
		D16C8B282930E777005FBC23 /* AppDelegate.swift */ = {isa = PBXFileReference; lastKnownFileType = sourcecode.swift; path = AppDelegate.swift; sourceTree = "<group>"; };
		D16C8B2A2930E777005FBC23 /* SceneDelegate.swift */ = {isa = PBXFileReference; lastKnownFileType = sourcecode.swift; path = SceneDelegate.swift; sourceTree = "<group>"; };
		D16C8B2C2930E777005FBC23 /* ViewController.swift */ = {isa = PBXFileReference; lastKnownFileType = sourcecode.swift; path = ViewController.swift; sourceTree = "<group>"; };
		D16C8B2F2930E777005FBC23 /* Base */ = {isa = PBXFileReference; lastKnownFileType = file.storyboard; name = Base; path = Base.lproj/Main.storyboard; sourceTree = "<group>"; };
		D16C8B322930E777005FBC23 /* Weather_App.xcdatamodel */ = {isa = PBXFileReference; lastKnownFileType = wrapper.xcdatamodel; path = Weather_App.xcdatamodel; sourceTree = "<group>"; };
		D16C8B342930E77A005FBC23 /* Assets.xcassets */ = {isa = PBXFileReference; lastKnownFileType = folder.assetcatalog; path = Assets.xcassets; sourceTree = "<group>"; };
		D16C8B372930E77A005FBC23 /* Base */ = {isa = PBXFileReference; lastKnownFileType = file.storyboard; name = Base; path = Base.lproj/LaunchScreen.storyboard; sourceTree = "<group>"; };
		D16C8B392930E77A005FBC23 /* Info.plist */ = {isa = PBXFileReference; lastKnownFileType = text.plist.xml; path = Info.plist; sourceTree = "<group>"; };
		D16C8B3E2930E77A005FBC23 /* Weather AppTests.xctest */ = {isa = PBXFileReference; explicitFileType = wrapper.cfbundle; includeInIndex = 0; path = "Weather AppTests.xctest"; sourceTree = BUILT_PRODUCTS_DIR; };
		D16C8B482930E77A005FBC23 /* Weather AppUITests.xctest */ = {isa = PBXFileReference; explicitFileType = wrapper.cfbundle; includeInIndex = 0; path = "Weather AppUITests.xctest"; sourceTree = BUILT_PRODUCTS_DIR; };
		D16C8B4C2930E77A005FBC23 /* Weather_AppUITests.swift */ = {isa = PBXFileReference; lastKnownFileType = sourcecode.swift; path = Weather_AppUITests.swift; sourceTree = "<group>"; };
		D16C8B4E2930E77A005FBC23 /* Weather_AppUITestsLaunchTests.swift */ = {isa = PBXFileReference; lastKnownFileType = sourcecode.swift; path = Weather_AppUITestsLaunchTests.swift; sourceTree = "<group>"; };
		D16C8B5B2930EC79005FBC23 /* WeatherScreen.storyboard */ = {isa = PBXFileReference; lastKnownFileType = file.storyboard; path = WeatherScreen.storyboard; sourceTree = "<group>"; };
		D16C8B60293112E1005FBC23 /* WeatherScreenViewController.swift */ = {isa = PBXFileReference; lastKnownFileType = sourcecode.swift; path = WeatherScreenViewController.swift; sourceTree = "<group>"; };
		D16C8B63293125CA005FBC23 /* ForecastTableViewCell.swift */ = {isa = PBXFileReference; lastKnownFileType = sourcecode.swift; path = ForecastTableViewCell.swift; sourceTree = "<group>"; };
		D16C8B6629337EE2005FBC23 /* WebService.swift */ = {isa = PBXFileReference; lastKnownFileType = sourcecode.swift; path = WebService.swift; sourceTree = "<group>"; };
		D16C8B6B2933922E005FBC23 /* CurrentWeatherResponse.swift */ = {isa = PBXFileReference; lastKnownFileType = sourcecode.swift; path = CurrentWeatherResponse.swift; sourceTree = "<group>"; };
		D16C8B6E2934A973005FBC23 /* Constants.swift */ = {isa = PBXFileReference; lastKnownFileType = sourcecode.swift; path = Constants.swift; sourceTree = "<group>"; };
		D16C8B702934BADF005FBC23 /* ForecastWeatherResponse.swift */ = {isa = PBXFileReference; lastKnownFileType = sourcecode.swift; path = ForecastWeatherResponse.swift; sourceTree = "<group>"; };
		D16C8B732934C67C005FBC23 /* WeatherScreenViewModel.swift */ = {isa = PBXFileReference; lastKnownFileType = sourcecode.swift; path = WeatherScreenViewModel.swift; sourceTree = "<group>"; };
		D16C8B752934D07B005FBC23 /* Extensions.swift */ = {isa = PBXFileReference; lastKnownFileType = sourcecode.swift; path = Extensions.swift; sourceTree = "<group>"; };
		D16C8B7729351547005FBC23 /* WeatherScreenViewModelTests.swift */ = {isa = PBXFileReference; lastKnownFileType = sourcecode.swift; path = WeatherScreenViewModelTests.swift; sourceTree = "<group>"; };
		D16C8B7A29351E8C005FBC23 /* WebServiceMock.swift */ = {isa = PBXFileReference; lastKnownFileType = sourcecode.swift; path = WebServiceMock.swift; sourceTree = "<group>"; };
/* End PBXFileReference section */

/* Begin PBXFrameworksBuildPhase section */
		D16C8B222930E777005FBC23 /* Frameworks */ = {
			isa = PBXFrameworksBuildPhase;
			buildActionMask = 2147483647;
			files = (
			);
			runOnlyForDeploymentPostprocessing = 0;
		};
		D16C8B3B2930E77A005FBC23 /* Frameworks */ = {
			isa = PBXFrameworksBuildPhase;
			buildActionMask = 2147483647;
			files = (
			);
			runOnlyForDeploymentPostprocessing = 0;
		};
		D16C8B452930E77A005FBC23 /* Frameworks */ = {
			isa = PBXFrameworksBuildPhase;
			buildActionMask = 2147483647;
			files = (
			);
			runOnlyForDeploymentPostprocessing = 0;
		};
/* End PBXFrameworksBuildPhase section */

/* Begin PBXGroup section */
		D16C8B1C2930E777005FBC23 = {
			isa = PBXGroup;
			children = (
				D16C8B272930E777005FBC23 /* Weather App */,
				D16C8B412930E77A005FBC23 /* Weather AppTests */,
				D16C8B4B2930E77A005FBC23 /* Weather AppUITests */,
				D16C8B262930E777005FBC23 /* Products */,
			);
			sourceTree = "<group>";
		};
		D16C8B262930E777005FBC23 /* Products */ = {
			isa = PBXGroup;
			children = (
				D16C8B252930E777005FBC23 /* Weather App.app */,
				D16C8B3E2930E77A005FBC23 /* Weather AppTests.xctest */,
				D16C8B482930E77A005FBC23 /* Weather AppUITests.xctest */,
			);
			name = Products;
			sourceTree = "<group>";
		};
		D16C8B272930E777005FBC23 /* Weather App */ = {
			isa = PBXGroup;
			children = (
				D16C8B722934C655005FBC23 /* ViewModels */,
				D16C8B6D2934A95A005FBC23 /* Utils */,
				D16C8B68293388FE005FBC23 /* Models */,
				D16C8B6529337ED3005FBC23 /* Services */,
				D16C8B5E293112A4005FBC23 /* Views */,
				D16C8B282930E777005FBC23 /* AppDelegate.swift */,
				D16C8B2A2930E777005FBC23 /* SceneDelegate.swift */,
				D16C8B2C2930E777005FBC23 /* ViewController.swift */,
				D16C8B2E2930E777005FBC23 /* Main.storyboard */,
				D16C8B342930E77A005FBC23 /* Assets.xcassets */,
				D16C8B362930E77A005FBC23 /* LaunchScreen.storyboard */,
				D16C8B392930E77A005FBC23 /* Info.plist */,
				D16C8B312930E777005FBC23 /* Weather_App.xcdatamodeld */,
			);
			path = "Weather App";
			sourceTree = "<group>";
		};
		D16C8B412930E77A005FBC23 /* Weather AppTests */ = {
			isa = PBXGroup;
			children = (
				D16C8B7929351E64005FBC23 /* Mocks */,
				D16C8B7729351547005FBC23 /* WeatherScreenViewModelTests.swift */,
			);
			path = "Weather AppTests";
			sourceTree = "<group>";
		};
		D16C8B4B2930E77A005FBC23 /* Weather AppUITests */ = {
			isa = PBXGroup;
			children = (
				D16C8B4C2930E77A005FBC23 /* Weather_AppUITests.swift */,
				D16C8B4E2930E77A005FBC23 /* Weather_AppUITestsLaunchTests.swift */,
			);
			path = "Weather AppUITests";
			sourceTree = "<group>";
		};
		D16C8B5D2930EC7E005FBC23 /* Storyboards */ = {
			isa = PBXGroup;
			children = (
				D16C8B5B2930EC79005FBC23 /* WeatherScreen.storyboard */,
			);
			path = Storyboards;
			sourceTree = "<group>";
		};
		D16C8B5E293112A4005FBC23 /* Views */ = {
			isa = PBXGroup;
			children = (
				D16C8B62293125B5005FBC23 /* Cells */,
				D16C8B5F293112BA005FBC23 /* ViewControllers */,
				D16C8B5D2930EC7E005FBC23 /* Storyboards */,
			);
			path = Views;
			sourceTree = "<group>";
		};
		D16C8B5F293112BA005FBC23 /* ViewControllers */ = {
			isa = PBXGroup;
			children = (
				D16C8B60293112E1005FBC23 /* WeatherScreenViewController.swift */,
			);
			path = ViewControllers;
			sourceTree = "<group>";
		};
		D16C8B62293125B5005FBC23 /* Cells */ = {
			isa = PBXGroup;
			children = (
				D16C8B63293125CA005FBC23 /* ForecastTableViewCell.swift */,
			);
			path = Cells;
			sourceTree = "<group>";
		};
		D16C8B6529337ED3005FBC23 /* Services */ = {
			isa = PBXGroup;
			children = (
				D16C8B6629337EE2005FBC23 /* WebService.swift */,
			);
			path = Services;
			sourceTree = "<group>";
		};
		D16C8B68293388FE005FBC23 /* Models */ = {
			isa = PBXGroup;
			children = (
				D16C8B6B2933922E005FBC23 /* CurrentWeatherResponse.swift */,
				D16C8B702934BADF005FBC23 /* ForecastWeatherResponse.swift */,
			);
			path = Models;
			sourceTree = "<group>";
		};
		D16C8B6D2934A95A005FBC23 /* Utils */ = {
			isa = PBXGroup;
			children = (
				D16C8B6E2934A973005FBC23 /* Constants.swift */,
				D16C8B752934D07B005FBC23 /* Extensions.swift */,
			);
			path = Utils;
			sourceTree = "<group>";
		};
		D16C8B722934C655005FBC23 /* ViewModels */ = {
			isa = PBXGroup;
			children = (
				D16C8B732934C67C005FBC23 /* WeatherScreenViewModel.swift */,
			);
			path = ViewModels;
			sourceTree = "<group>";
		};
		D16C8B7929351E64005FBC23 /* Mocks */ = {
			isa = PBXGroup;
			children = (
				D16C8B7A29351E8C005FBC23 /* WebServiceMock.swift */,
			);
			path = Mocks;
			sourceTree = "<group>";
		};
/* End PBXGroup section */

/* Begin PBXNativeTarget section */
		D16C8B242930E777005FBC23 /* Weather App */ = {
			isa = PBXNativeTarget;
			buildConfigurationList = D16C8B522930E77A005FBC23 /* Build configuration list for PBXNativeTarget "Weather App" */;
			buildPhases = (
				D16C8B212930E777005FBC23 /* Sources */,
				D16C8B222930E777005FBC23 /* Frameworks */,
				D16C8B232930E777005FBC23 /* Resources */,
			);
			buildRules = (
			);
			dependencies = (
			);
			name = "Weather App";
			productName = "Weather App";
			productReference = D16C8B252930E777005FBC23 /* Weather App.app */;
			productType = "com.apple.product-type.application";
		};
		D16C8B3D2930E77A005FBC23 /* Weather AppTests */ = {
			isa = PBXNativeTarget;
			buildConfigurationList = D16C8B552930E77A005FBC23 /* Build configuration list for PBXNativeTarget "Weather AppTests" */;
			buildPhases = (
				D16C8B3A2930E77A005FBC23 /* Sources */,
				D16C8B3B2930E77A005FBC23 /* Frameworks */,
				D16C8B3C2930E77A005FBC23 /* Resources */,
			);
			buildRules = (
			);
			dependencies = (
				D16C8B402930E77A005FBC23 /* PBXTargetDependency */,
			);
			name = "Weather AppTests";
			productName = "Weather AppTests";
			productReference = D16C8B3E2930E77A005FBC23 /* Weather AppTests.xctest */;
			productType = "com.apple.product-type.bundle.unit-test";
		};
		D16C8B472930E77A005FBC23 /* Weather AppUITests */ = {
			isa = PBXNativeTarget;
			buildConfigurationList = D16C8B582930E77A005FBC23 /* Build configuration list for PBXNativeTarget "Weather AppUITests" */;
			buildPhases = (
				D16C8B442930E77A005FBC23 /* Sources */,
				D16C8B452930E77A005FBC23 /* Frameworks */,
				D16C8B462930E77A005FBC23 /* Resources */,
			);
			buildRules = (
			);
			dependencies = (
				D16C8B4A2930E77A005FBC23 /* PBXTargetDependency */,
			);
			name = "Weather AppUITests";
			productName = "Weather AppUITests";
			productReference = D16C8B482930E77A005FBC23 /* Weather AppUITests.xctest */;
			productType = "com.apple.product-type.bundle.ui-testing";
		};
/* End PBXNativeTarget section */

/* Begin PBXProject section */
		D16C8B1D2930E777005FBC23 /* Project object */ = {
			isa = PBXProject;
			attributes = {
				BuildIndependentTargetsInParallel = 1;
				LastSwiftUpdateCheck = 1300;
				LastUpgradeCheck = 1300;
				TargetAttributes = {
					D16C8B242930E777005FBC23 = {
						CreatedOnToolsVersion = 13.0;
					};
					D16C8B3D2930E77A005FBC23 = {
						CreatedOnToolsVersion = 13.0;
						TestTargetID = D16C8B242930E777005FBC23;
					};
					D16C8B472930E77A005FBC23 = {
						CreatedOnToolsVersion = 13.0;
						TestTargetID = D16C8B242930E777005FBC23;
					};
				};
			};
			buildConfigurationList = D16C8B202930E777005FBC23 /* Build configuration list for PBXProject "Weather App" */;
			compatibilityVersion = "Xcode 13.0";
			developmentRegion = en;
			hasScannedForEncodings = 0;
			knownRegions = (
				en,
				Base,
			);
			mainGroup = D16C8B1C2930E777005FBC23;
			productRefGroup = D16C8B262930E777005FBC23 /* Products */;
			projectDirPath = "";
			projectRoot = "";
			targets = (
				D16C8B242930E777005FBC23 /* Weather App */,
				D16C8B3D2930E77A005FBC23 /* Weather AppTests */,
				D16C8B472930E77A005FBC23 /* Weather AppUITests */,
			);
		};
/* End PBXProject section */

/* Begin PBXResourcesBuildPhase section */
		D16C8B232930E777005FBC23 /* Resources */ = {
			isa = PBXResourcesBuildPhase;
			buildActionMask = 2147483647;
			files = (
				D16C8B382930E77A005FBC23 /* LaunchScreen.storyboard in Resources */,
				D16C8B352930E77A005FBC23 /* Assets.xcassets in Resources */,
				D16C8B302930E777005FBC23 /* Main.storyboard in Resources */,
				D16C8B5C2930EC79005FBC23 /* WeatherScreen.storyboard in Resources */,
			);
			runOnlyForDeploymentPostprocessing = 0;
		};
		D16C8B3C2930E77A005FBC23 /* Resources */ = {
			isa = PBXResourcesBuildPhase;
			buildActionMask = 2147483647;
			files = (
			);
			runOnlyForDeploymentPostprocessing = 0;
		};
		D16C8B462930E77A005FBC23 /* Resources */ = {
			isa = PBXResourcesBuildPhase;
			buildActionMask = 2147483647;
			files = (
			);
			runOnlyForDeploymentPostprocessing = 0;
		};
/* End PBXResourcesBuildPhase section */

/* Begin PBXSourcesBuildPhase section */
		D16C8B212930E777005FBC23 /* Sources */ = {
			isa = PBXSourcesBuildPhase;
			buildActionMask = 2147483647;
			files = (
				D16C8B64293125CA005FBC23 /* ForecastTableViewCell.swift in Sources */,
				D16C8B332930E777005FBC23 /* Weather_App.xcdatamodeld in Sources */,
				D16C8B6729337EE2005FBC23 /* WebService.swift in Sources */,
				D16C8B6C2933922E005FBC23 /* CurrentWeatherResponse.swift in Sources */,
				D16C8B742934C67C005FBC23 /* WeatherScreenViewModel.swift in Sources */,
				D16C8B2D2930E777005FBC23 /* ViewController.swift in Sources */,
				D16C8B61293112E1005FBC23 /* WeatherScreenViewController.swift in Sources */,
				D16C8B762934D07B005FBC23 /* Extensions.swift in Sources */,
				D16C8B292930E777005FBC23 /* AppDelegate.swift in Sources */,
				D16C8B2B2930E777005FBC23 /* SceneDelegate.swift in Sources */,
				D16C8B712934BADF005FBC23 /* ForecastWeatherResponse.swift in Sources */,
				D16C8B6F2934A973005FBC23 /* Constants.swift in Sources */,
			);
			runOnlyForDeploymentPostprocessing = 0;
		};
		D16C8B3A2930E77A005FBC23 /* Sources */ = {
			isa = PBXSourcesBuildPhase;
			buildActionMask = 2147483647;
			files = (
				D16C8B7B29351E8C005FBC23 /* WebServiceMock.swift in Sources */,
				D16C8B7829351547005FBC23 /* WeatherScreenViewModelTests.swift in Sources */,
			);
			runOnlyForDeploymentPostprocessing = 0;
		};
		D16C8B442930E77A005FBC23 /* Sources */ = {
			isa = PBXSourcesBuildPhase;
			buildActionMask = 2147483647;
			files = (
				D16C8B4D2930E77A005FBC23 /* Weather_AppUITests.swift in Sources */,
				D16C8B4F2930E77A005FBC23 /* Weather_AppUITestsLaunchTests.swift in Sources */,
			);
			runOnlyForDeploymentPostprocessing = 0;
		};
/* End PBXSourcesBuildPhase section */

/* Begin PBXTargetDependency section */
		D16C8B402930E77A005FBC23 /* PBXTargetDependency */ = {
			isa = PBXTargetDependency;
			target = D16C8B242930E777005FBC23 /* Weather App */;
			targetProxy = D16C8B3F2930E77A005FBC23 /* PBXContainerItemProxy */;
		};
		D16C8B4A2930E77A005FBC23 /* PBXTargetDependency */ = {
			isa = PBXTargetDependency;
			target = D16C8B242930E777005FBC23 /* Weather App */;
			targetProxy = D16C8B492930E77A005FBC23 /* PBXContainerItemProxy */;
		};
/* End PBXTargetDependency section */

/* Begin PBXVariantGroup section */
		D16C8B2E2930E777005FBC23 /* Main.storyboard */ = {
			isa = PBXVariantGroup;
			children = (
				D16C8B2F2930E777005FBC23 /* Base */,
			);
			name = Main.storyboard;
			sourceTree = "<group>";
		};
		D16C8B362930E77A005FBC23 /* LaunchScreen.storyboard */ = {
			isa = PBXVariantGroup;
			children = (
				D16C8B372930E77A005FBC23 /* Base */,
			);
			name = LaunchScreen.storyboard;
			sourceTree = "<group>";
		};
/* End PBXVariantGroup section */

/* Begin XCBuildConfiguration section */
		D16C8B502930E77A005FBC23 /* Debug */ = {
			isa = XCBuildConfiguration;
			buildSettings = {
				ALWAYS_SEARCH_USER_PATHS = NO;
				CLANG_ANALYZER_NONNULL = YES;
				CLANG_ANALYZER_NUMBER_OBJECT_CONVERSION = YES_AGGRESSIVE;
				CLANG_CXX_LANGUAGE_STANDARD = "gnu++17";
				CLANG_CXX_LIBRARY = "libc++";
				CLANG_ENABLE_MODULES = YES;
				CLANG_ENABLE_OBJC_ARC = YES;
				CLANG_ENABLE_OBJC_WEAK = YES;
				CLANG_WARN_BLOCK_CAPTURE_AUTORELEASING = YES;
				CLANG_WARN_BOOL_CONVERSION = YES;
				CLANG_WARN_COMMA = YES;
				CLANG_WARN_CONSTANT_CONVERSION = YES;
				CLANG_WARN_DEPRECATED_OBJC_IMPLEMENTATIONS = YES;
				CLANG_WARN_DIRECT_OBJC_ISA_USAGE = YES_ERROR;
				CLANG_WARN_DOCUMENTATION_COMMENTS = YES;
				CLANG_WARN_EMPTY_BODY = YES;
				CLANG_WARN_ENUM_CONVERSION = YES;
				CLANG_WARN_INFINITE_RECURSION = YES;
				CLANG_WARN_INT_CONVERSION = YES;
				CLANG_WARN_NON_LITERAL_NULL_CONVERSION = YES;
				CLANG_WARN_OBJC_IMPLICIT_RETAIN_SELF = YES;
				CLANG_WARN_OBJC_LITERAL_CONVERSION = YES;
				CLANG_WARN_OBJC_ROOT_CLASS = YES_ERROR;
				CLANG_WARN_QUOTED_INCLUDE_IN_FRAMEWORK_HEADER = YES;
				CLANG_WARN_RANGE_LOOP_ANALYSIS = YES;
				CLANG_WARN_STRICT_PROTOTYPES = YES;
				CLANG_WARN_SUSPICIOUS_MOVE = YES;
				CLANG_WARN_UNGUARDED_AVAILABILITY = YES_AGGRESSIVE;
				CLANG_WARN_UNREACHABLE_CODE = YES;
				CLANG_WARN__DUPLICATE_METHOD_MATCH = YES;
				COPY_PHASE_STRIP = NO;
				DEBUG_INFORMATION_FORMAT = dwarf;
				ENABLE_STRICT_OBJC_MSGSEND = YES;
				ENABLE_TESTABILITY = YES;
				GCC_C_LANGUAGE_STANDARD = gnu11;
				GCC_DYNAMIC_NO_PIC = NO;
				GCC_NO_COMMON_BLOCKS = YES;
				GCC_OPTIMIZATION_LEVEL = 0;
				GCC_PREPROCESSOR_DEFINITIONS = (
					"DEBUG=1",
					"$(inherited)",
				);
				GCC_WARN_64_TO_32_BIT_CONVERSION = YES;
				GCC_WARN_ABOUT_RETURN_TYPE = YES_ERROR;
				GCC_WARN_UNDECLARED_SELECTOR = YES;
				GCC_WARN_UNINITIALIZED_AUTOS = YES_AGGRESSIVE;
				GCC_WARN_UNUSED_FUNCTION = YES;
				GCC_WARN_UNUSED_VARIABLE = YES;
				IPHONEOS_DEPLOYMENT_TARGET = 15.0;
				MTL_ENABLE_DEBUG_INFO = INCLUDE_SOURCE;
				MTL_FAST_MATH = YES;
				ONLY_ACTIVE_ARCH = YES;
				SDKROOT = iphoneos;
				SWIFT_ACTIVE_COMPILATION_CONDITIONS = DEBUG;
				SWIFT_OPTIMIZATION_LEVEL = "-Onone";
			};
			name = Debug;
		};
		D16C8B512930E77A005FBC23 /* Release */ = {
			isa = XCBuildConfiguration;
			buildSettings = {
				ALWAYS_SEARCH_USER_PATHS = NO;
				CLANG_ANALYZER_NONNULL = YES;
				CLANG_ANALYZER_NUMBER_OBJECT_CONVERSION = YES_AGGRESSIVE;
				CLANG_CXX_LANGUAGE_STANDARD = "gnu++17";
				CLANG_CXX_LIBRARY = "libc++";
				CLANG_ENABLE_MODULES = YES;
				CLANG_ENABLE_OBJC_ARC = YES;
				CLANG_ENABLE_OBJC_WEAK = YES;
				CLANG_WARN_BLOCK_CAPTURE_AUTORELEASING = YES;
				CLANG_WARN_BOOL_CONVERSION = YES;
				CLANG_WARN_COMMA = YES;
				CLANG_WARN_CONSTANT_CONVERSION = YES;
				CLANG_WARN_DEPRECATED_OBJC_IMPLEMENTATIONS = YES;
				CLANG_WARN_DIRECT_OBJC_ISA_USAGE = YES_ERROR;
				CLANG_WARN_DOCUMENTATION_COMMENTS = YES;
				CLANG_WARN_EMPTY_BODY = YES;
				CLANG_WARN_ENUM_CONVERSION = YES;
				CLANG_WARN_INFINITE_RECURSION = YES;
				CLANG_WARN_INT_CONVERSION = YES;
				CLANG_WARN_NON_LITERAL_NULL_CONVERSION = YES;
				CLANG_WARN_OBJC_IMPLICIT_RETAIN_SELF = YES;
				CLANG_WARN_OBJC_LITERAL_CONVERSION = YES;
				CLANG_WARN_OBJC_ROOT_CLASS = YES_ERROR;
				CLANG_WARN_QUOTED_INCLUDE_IN_FRAMEWORK_HEADER = YES;
				CLANG_WARN_RANGE_LOOP_ANALYSIS = YES;
				CLANG_WARN_STRICT_PROTOTYPES = YES;
				CLANG_WARN_SUSPICIOUS_MOVE = YES;
				CLANG_WARN_UNGUARDED_AVAILABILITY = YES_AGGRESSIVE;
				CLANG_WARN_UNREACHABLE_CODE = YES;
				CLANG_WARN__DUPLICATE_METHOD_MATCH = YES;
				COPY_PHASE_STRIP = NO;
				DEBUG_INFORMATION_FORMAT = "dwarf-with-dsym";
				ENABLE_NS_ASSERTIONS = NO;
				ENABLE_STRICT_OBJC_MSGSEND = YES;
				GCC_C_LANGUAGE_STANDARD = gnu11;
				GCC_NO_COMMON_BLOCKS = YES;
				GCC_WARN_64_TO_32_BIT_CONVERSION = YES;
				GCC_WARN_ABOUT_RETURN_TYPE = YES_ERROR;
				GCC_WARN_UNDECLARED_SELECTOR = YES;
				GCC_WARN_UNINITIALIZED_AUTOS = YES_AGGRESSIVE;
				GCC_WARN_UNUSED_FUNCTION = YES;
				GCC_WARN_UNUSED_VARIABLE = YES;
				IPHONEOS_DEPLOYMENT_TARGET = 15.0;
				MTL_ENABLE_DEBUG_INFO = NO;
				MTL_FAST_MATH = YES;
				SDKROOT = iphoneos;
				SWIFT_COMPILATION_MODE = wholemodule;
				SWIFT_OPTIMIZATION_LEVEL = "-O";
				VALIDATE_PRODUCT = YES;
			};
			name = Release;
		};
		D16C8B532930E77A005FBC23 /* Debug */ = {
			isa = XCBuildConfiguration;
			buildSettings = {
				ASSETCATALOG_COMPILER_APPICON_NAME = AppIcon;
				ASSETCATALOG_COMPILER_GLOBAL_ACCENT_COLOR_NAME = AccentColor;
				CODE_SIGN_STYLE = Automatic;
				CURRENT_PROJECT_VERSION = 1;
				DEVELOPMENT_TEAM = XG7JRH745R;
				GENERATE_INFOPLIST_FILE = YES;
				INFOPLIST_FILE = "Weather App/Info.plist";
				INFOPLIST_KEY_UIApplicationSupportsIndirectInputEvents = YES;
				INFOPLIST_KEY_UILaunchStoryboardName = LaunchScreen;
				INFOPLIST_KEY_UIMainStoryboardFile = Main;
				INFOPLIST_KEY_UISupportedInterfaceOrientations_iPad = "UIInterfaceOrientationPortrait UIInterfaceOrientationPortraitUpsideDown UIInterfaceOrientationLandscapeLeft UIInterfaceOrientationLandscapeRight";
				INFOPLIST_KEY_UISupportedInterfaceOrientations_iPhone = "UIInterfaceOrientationPortrait UIInterfaceOrientationLandscapeLeft UIInterfaceOrientationLandscapeRight";
				LD_RUNPATH_SEARCH_PATHS = (
					"$(inherited)",
					"@executable_path/Frameworks",
				);
				MARKETING_VERSION = 1.0;
				PRODUCT_BUNDLE_IDENTIFIER = "Kuda-Zata.Weather-App";
				PRODUCT_NAME = "$(TARGET_NAME)";
				SWIFT_EMIT_LOC_STRINGS = YES;
				SWIFT_VERSION = 5.0;
				TARGETED_DEVICE_FAMILY = 1;
			};
			name = Debug;
		};
		D16C8B542930E77A005FBC23 /* Release */ = {
			isa = XCBuildConfiguration;
			buildSettings = {
				ASSETCATALOG_COMPILER_APPICON_NAME = AppIcon;
				ASSETCATALOG_COMPILER_GLOBAL_ACCENT_COLOR_NAME = AccentColor;
				CODE_SIGN_STYLE = Automatic;
				CURRENT_PROJECT_VERSION = 1;
				DEVELOPMENT_TEAM = XG7JRH745R;
				GENERATE_INFOPLIST_FILE = YES;
				INFOPLIST_FILE = "Weather App/Info.plist";
				INFOPLIST_KEY_UIApplicationSupportsIndirectInputEvents = YES;
				INFOPLIST_KEY_UILaunchStoryboardName = LaunchScreen;
				INFOPLIST_KEY_UIMainStoryboardFile = Main;
				INFOPLIST_KEY_UISupportedInterfaceOrientations_iPad = "UIInterfaceOrientationPortrait UIInterfaceOrientationPortraitUpsideDown UIInterfaceOrientationLandscapeLeft UIInterfaceOrientationLandscapeRight";
				INFOPLIST_KEY_UISupportedInterfaceOrientations_iPhone = "UIInterfaceOrientationPortrait UIInterfaceOrientationLandscapeLeft UIInterfaceOrientationLandscapeRight";
				LD_RUNPATH_SEARCH_PATHS = (
					"$(inherited)",
					"@executable_path/Frameworks",
				);
				MARKETING_VERSION = 1.0;
				PRODUCT_BUNDLE_IDENTIFIER = "Kuda-Zata.Weather-App";
				PRODUCT_NAME = "$(TARGET_NAME)";
				SWIFT_EMIT_LOC_STRINGS = YES;
				SWIFT_VERSION = 5.0;
				TARGETED_DEVICE_FAMILY = 1;
			};
			name = Release;
		};
		D16C8B562930E77A005FBC23 /* Debug */ = {
			isa = XCBuildConfiguration;
			buildSettings = {
				ALWAYS_EMBED_SWIFT_STANDARD_LIBRARIES = YES;
				BUNDLE_LOADER = "$(TEST_HOST)";
				CODE_SIGN_STYLE = Automatic;
				CURRENT_PROJECT_VERSION = 1;
				DEVELOPMENT_TEAM = XG7JRH745R;
				GENERATE_INFOPLIST_FILE = YES;
				IPHONEOS_DEPLOYMENT_TARGET = 15.0;
				LD_RUNPATH_SEARCH_PATHS = (
					"$(inherited)",
					"@executable_path/Frameworks",
					"@loader_path/Frameworks",
				);
				MARKETING_VERSION = 1.0;
				PRODUCT_BUNDLE_IDENTIFIER = "Kuda-Zata.Weather-AppTests";
				PRODUCT_NAME = "$(TARGET_NAME)";
				SWIFT_EMIT_LOC_STRINGS = NO;
				SWIFT_VERSION = 5.0;
				TARGETED_DEVICE_FAMILY = "1,2";
				TEST_HOST = "$(BUILT_PRODUCTS_DIR)/Weather App.app/Weather App";
			};
			name = Debug;
		};
		D16C8B572930E77A005FBC23 /* Release */ = {
			isa = XCBuildConfiguration;
			buildSettings = {
				ALWAYS_EMBED_SWIFT_STANDARD_LIBRARIES = YES;
				BUNDLE_LOADER = "$(TEST_HOST)";
				CODE_SIGN_STYLE = Automatic;
				CURRENT_PROJECT_VERSION = 1;
				DEVELOPMENT_TEAM = XG7JRH745R;
				GENERATE_INFOPLIST_FILE = YES;
				IPHONEOS_DEPLOYMENT_TARGET = 15.0;
				LD_RUNPATH_SEARCH_PATHS = (
					"$(inherited)",
					"@executable_path/Frameworks",
					"@loader_path/Frameworks",
				);
				MARKETING_VERSION = 1.0;
				PRODUCT_BUNDLE_IDENTIFIER = "Kuda-Zata.Weather-AppTests";
				PRODUCT_NAME = "$(TARGET_NAME)";
				SWIFT_EMIT_LOC_STRINGS = NO;
				SWIFT_VERSION = 5.0;
				TARGETED_DEVICE_FAMILY = "1,2";
				TEST_HOST = "$(BUILT_PRODUCTS_DIR)/Weather App.app/Weather App";
			};
			name = Release;
		};
		D16C8B592930E77A005FBC23 /* Debug */ = {
			isa = XCBuildConfiguration;
			buildSettings = {
				ALWAYS_EMBED_SWIFT_STANDARD_LIBRARIES = YES;
				CODE_SIGN_STYLE = Automatic;
				CURRENT_PROJECT_VERSION = 1;
				DEVELOPMENT_TEAM = XG7JRH745R;
				GENERATE_INFOPLIST_FILE = YES;
				LD_RUNPATH_SEARCH_PATHS = (
					"$(inherited)",
					"@executable_path/Frameworks",
					"@loader_path/Frameworks",
				);
				MARKETING_VERSION = 1.0;
				PRODUCT_BUNDLE_IDENTIFIER = "Kuda-Zata.Weather-AppUITests";
				PRODUCT_NAME = "$(TARGET_NAME)";
				SWIFT_EMIT_LOC_STRINGS = NO;
				SWIFT_VERSION = 5.0;
				TARGETED_DEVICE_FAMILY = "1,2";
				TEST_TARGET_NAME = "Weather App";
			};
			name = Debug;
		};
		D16C8B5A2930E77A005FBC23 /* Release */ = {
			isa = XCBuildConfiguration;
			buildSettings = {
				ALWAYS_EMBED_SWIFT_STANDARD_LIBRARIES = YES;
				CODE_SIGN_STYLE = Automatic;
				CURRENT_PROJECT_VERSION = 1;
				DEVELOPMENT_TEAM = XG7JRH745R;
				GENERATE_INFOPLIST_FILE = YES;
				LD_RUNPATH_SEARCH_PATHS = (
					"$(inherited)",
					"@executable_path/Frameworks",
					"@loader_path/Frameworks",
				);
				MARKETING_VERSION = 1.0;
				PRODUCT_BUNDLE_IDENTIFIER = "Kuda-Zata.Weather-AppUITests";
				PRODUCT_NAME = "$(TARGET_NAME)";
				SWIFT_EMIT_LOC_STRINGS = NO;
				SWIFT_VERSION = 5.0;
				TARGETED_DEVICE_FAMILY = "1,2";
				TEST_TARGET_NAME = "Weather App";
			};
			name = Release;
		};
/* End XCBuildConfiguration section */

/* Begin XCConfigurationList section */
		D16C8B202930E777005FBC23 /* Build configuration list for PBXProject "Weather App" */ = {
			isa = XCConfigurationList;
			buildConfigurations = (
				D16C8B502930E77A005FBC23 /* Debug */,
				D16C8B512930E77A005FBC23 /* Release */,
			);
			defaultConfigurationIsVisible = 0;
			defaultConfigurationName = Release;
		};
		D16C8B522930E77A005FBC23 /* Build configuration list for PBXNativeTarget "Weather App" */ = {
			isa = XCConfigurationList;
			buildConfigurations = (
				D16C8B532930E77A005FBC23 /* Debug */,
				D16C8B542930E77A005FBC23 /* Release */,
			);
			defaultConfigurationIsVisible = 0;
			defaultConfigurationName = Release;
		};
		D16C8B552930E77A005FBC23 /* Build configuration list for PBXNativeTarget "Weather AppTests" */ = {
			isa = XCConfigurationList;
			buildConfigurations = (
				D16C8B562930E77A005FBC23 /* Debug */,
				D16C8B572930E77A005FBC23 /* Release */,
			);
			defaultConfigurationIsVisible = 0;
			defaultConfigurationName = Release;
		};
		D16C8B582930E77A005FBC23 /* Build configuration list for PBXNativeTarget "Weather AppUITests" */ = {
			isa = XCConfigurationList;
			buildConfigurations = (
				D16C8B592930E77A005FBC23 /* Debug */,
				D16C8B5A2930E77A005FBC23 /* Release */,
			);
			defaultConfigurationIsVisible = 0;
			defaultConfigurationName = Release;
		};
/* End XCConfigurationList section */

/* Begin XCVersionGroup section */
		D16C8B312930E777005FBC23 /* Weather_App.xcdatamodeld */ = {
			isa = XCVersionGroup;
			children = (
				D16C8B322930E777005FBC23 /* Weather_App.xcdatamodel */,
			);
			currentVersion = D16C8B322930E777005FBC23 /* Weather_App.xcdatamodel */;
			path = Weather_App.xcdatamodeld;
			sourceTree = "<group>";
			versionGroupType = wrapper.xcdatamodel;
		};
/* End XCVersionGroup section */
	};
	rootObject = D16C8B1D2930E777005FBC23 /* Project object */;
}
